
Microsoft Visual Studio Solution File, Format Version 12.00
# Visual Studio 2013
VisualStudioVersion = 12.0.31101.0
MinimumVisualStudioVersion = 10.0.40219.1
Project("{2150E333-8FDC-42A3-9474-1A3956D46DE8}") = "Common", "Common", "{65BDF7EB-40E2-4E60-8279-699EC451996A}"
EndProject
Project("{2150E333-8FDC-42A3-9474-1A3956D46DE8}") = "Service", "Service", "{15A56967-E640-4FF3-8528-6F023BA435A7}"
EndProject
Project("{2150E333-8FDC-42A3-9474-1A3956D46DE8}") = "UI", "UI", "{143A60C4-2096-4112-AAD2-24E27E852471}"
EndProject
Project("{2150E333-8FDC-42A3-9474-1A3956D46DE8}") = "Test", "Test", "{144B09E9-A34C-4033-AC80-B531B13340C2}"
EndProject
Project("{2150E333-8FDC-42A3-9474-1A3956D46DE8}") = "Unit", "Unit", "{F57047F7-A0C5-4500-A143-F89A5F4DE9CB}"
EndProject
Project("{2150E333-8FDC-42A3-9474-1A3956D46DE8}") = "Integration", "Integration", "{8720B7E0-B031-4B81-B40B-DDB9D5740874}"
EndProject
Project("{FAE04EC0-301F-11D3-BF4B-00C04F79EFBC}") = "Disty.Common.IOC", "Disty.Common.IOC\Disty.Common.IOC.csproj", "{6C668D9C-FC05-417B-A3DF-A1036D71CAD9}"
EndProject
Project("{FAE04EC0-301F-11D3-BF4B-00C04F79EFBC}") = "Disty.UI.Web.Com.Disty.Www", "Disty.UI.Web.Com.Disty.Www\Disty.UI.Web.Com.Disty.Www.csproj", "{00E52094-76FB-4C4B-87B8-6756F9917243}"
EndProject
Project("{FAE04EC0-301F-11D3-BF4B-00C04F79EFBC}") = "Disty.Tests.Unit..UI.Web.Com.Disty.Www", "Disty.Tests.Unit..UI.Web.Com.Disty.Www\Disty.Tests.Unit..UI.Web.Com.Disty.Www.csproj", "{6AB9D147-B2C7-4ABB-BE96-121834F36CE5}"
EndProject
Project("{FAE04EC0-301F-11D3-BF4B-00C04F79EFBC}") = "Disty.Common.Net", "Disty.Common.Net\Disty.Common.Net.csproj", "{BC26F6C6-15E2-4C82-B69C-7A40DE978305}"
EndProject
Project("{FAE04EC0-301F-11D3-BF4B-00C04F79EFBC}") = "Disty.Common", "Disty.Common\Disty.Common.csproj", "{94883E2A-A3D2-4EA0-846F-4C3418CA3CC8}"
EndProject
Project("{FAE04EC0-301F-11D3-BF4B-00C04F79EFBC}") = "Disty.Service", "Disty.Service\Disty.Service.csproj", "{B6A0378B-708B-4CEB-837A-9167E9805F18}"
EndProject
Project("{FAE04EC0-301F-11D3-BF4B-00C04F79EFBC}") = "Disty.Service.Interfaces", "Disty.Service.Interfaces\Disty.Service.Interfaces.csproj", "{79989DD7-DA02-4EB0-84BA-4E0EEA84DE10}"
EndProject
Project("{FAE04EC0-301F-11D3-BF4B-00C04F79EFBC}") = "Disty.Service.Endpoint.Http", "Disty.Service.Endpoint.Http\Disty.Service.Endpoint.Http.csproj", "{3535B4B5-32E8-43DF-9C7C-B3E011879C38}"
EndProject
Project("{FAE04EC0-301F-11D3-BF4B-00C04F79EFBC}") = "Disty.Common.Contract", "Disty.Common.Contract\Disty.Common.Contract.csproj", "{71EE7740-05B2-4437-B31A-CFF07833C39F}"
EndProject
Project("{FAE04EC0-301F-11D3-BF4B-00C04F79EFBC}") = "Disty.Common.Log", "Disty.Common.Log\Disty.Common.Log.csproj", "{04CA92E9-74B6-476B-8538-CFFAC2C2F3F1}"
EndProject
Project("{FAE04EC0-301F-11D3-BF4B-00C04F79EFBC}") = "Disty.Common.Data", "Disty.Common.Data\Disty.Common.Data.csproj", "{3946F057-0D1E-4C2B-9B44-C523A514D9CD}"
EndProject
Project("{2150E333-8FDC-42A3-9474-1A3956D46DE8}") = "Model", "Model", "{853619BA-CA32-440C-AED6-D0D18D5DA4CF}"
EndProject
Project("{FAE04EC0-301F-11D3-BF4B-00C04F79EFBC}") = "Disty.Model.MySql", "Disty.Model.MySql\Disty.Model.MySql.csproj", "{1556E0C3-2A22-4DD3-AB86-50B612557453}"
EndProject
Global
	GlobalSection(SolutionConfigurationPlatforms) = preSolution
		Debug|Any CPU = Debug|Any CPU
		Release|Any CPU = Release|Any CPU
	EndGlobalSection
	GlobalSection(ProjectConfigurationPlatforms) = postSolution
		{6C668D9C-FC05-417B-A3DF-A1036D71CAD9}.Debug|Any CPU.ActiveCfg = Debug|Any CPU
		{6C668D9C-FC05-417B-A3DF-A1036D71CAD9}.Debug|Any CPU.Build.0 = Debug|Any CPU
		{6C668D9C-FC05-417B-A3DF-A1036D71CAD9}.Release|Any CPU.ActiveCfg = Release|Any CPU
		{6C668D9C-FC05-417B-A3DF-A1036D71CAD9}.Release|Any CPU.Build.0 = Release|Any CPU
		{00E52094-76FB-4C4B-87B8-6756F9917243}.Debug|Any CPU.ActiveCfg = Debug|Any CPU
		{00E52094-76FB-4C4B-87B8-6756F9917243}.Debug|Any CPU.Build.0 = Debug|Any CPU
		{00E52094-76FB-4C4B-87B8-6756F9917243}.Release|Any CPU.ActiveCfg = Release|Any CPU
		{00E52094-76FB-4C4B-87B8-6756F9917243}.Release|Any CPU.Build.0 = Release|Any CPU
		{6AB9D147-B2C7-4ABB-BE96-121834F36CE5}.Debug|Any CPU.ActiveCfg = Debug|Any CPU
		{6AB9D147-B2C7-4ABB-BE96-121834F36CE5}.Debug|Any CPU.Build.0 = Debug|Any CPU
		{6AB9D147-B2C7-4ABB-BE96-121834F36CE5}.Release|Any CPU.ActiveCfg = Release|Any CPU
		{6AB9D147-B2C7-4ABB-BE96-121834F36CE5}.Release|Any CPU.Build.0 = Release|Any CPU
		{BC26F6C6-15E2-4C82-B69C-7A40DE978305}.Debug|Any CPU.ActiveCfg = Debug|Any CPU
		{BC26F6C6-15E2-4C82-B69C-7A40DE978305}.Debug|Any CPU.Build.0 = Debug|Any CPU
		{BC26F6C6-15E2-4C82-B69C-7A40DE978305}.Release|Any CPU.ActiveCfg = Release|Any CPU
		{BC26F6C6-15E2-4C82-B69C-7A40DE978305}.Release|Any CPU.Build.0 = Release|Any CPU
		{94883E2A-A3D2-4EA0-846F-4C3418CA3CC8}.Debug|Any CPU.ActiveCfg = Debug|Any CPU
		{94883E2A-A3D2-4EA0-846F-4C3418CA3CC8}.Debug|Any CPU.Build.0 = Debug|Any CPU
		{94883E2A-A3D2-4EA0-846F-4C3418CA3CC8}.Release|Any CPU.ActiveCfg = Release|Any CPU
		{94883E2A-A3D2-4EA0-846F-4C3418CA3CC8}.Release|Any CPU.Build.0 = Release|Any CPU
		{B6A0378B-708B-4CEB-837A-9167E9805F18}.Debug|Any CPU.ActiveCfg = Debug|Any CPU
		{B6A0378B-708B-4CEB-837A-9167E9805F18}.Debug|Any CPU.Build.0 = Debug|Any CPU
		{B6A0378B-708B-4CEB-837A-9167E9805F18}.Release|Any CPU.ActiveCfg = Release|Any CPU
		{B6A0378B-708B-4CEB-837A-9167E9805F18}.Release|Any CPU.Build.0 = Release|Any CPU
		{79989DD7-DA02-4EB0-84BA-4E0EEA84DE10}.Debug|Any CPU.ActiveCfg = Debug|Any CPU
		{79989DD7-DA02-4EB0-84BA-4E0EEA84DE10}.Debug|Any CPU.Build.0 = Debug|Any CPU
		{79989DD7-DA02-4EB0-84BA-4E0EEA84DE10}.Release|Any CPU.ActiveCfg = Release|Any CPU
		{79989DD7-DA02-4EB0-84BA-4E0EEA84DE10}.Release|Any CPU.Build.0 = Release|Any CPU
		{3535B4B5-32E8-43DF-9C7C-B3E011879C38}.Debug|Any CPU.ActiveCfg = Debug|Any CPU
		{3535B4B5-32E8-43DF-9C7C-B3E011879C38}.Debug|Any CPU.Build.0 = Debug|Any CPU
		{3535B4B5-32E8-43DF-9C7C-B3E011879C38}.Release|Any CPU.ActiveCfg = Release|Any CPU
		{3535B4B5-32E8-43DF-9C7C-B3E011879C38}.Release|Any CPU.Build.0 = Release|Any CPU
		{71EE7740-05B2-4437-B31A-CFF07833C39F}.Debug|Any CPU.ActiveCfg = Debug|Any CPU
		{71EE7740-05B2-4437-B31A-CFF07833C39F}.Debug|Any CPU.Build.0 = Debug|Any CPU
		{71EE7740-05B2-4437-B31A-CFF07833C39F}.Release|Any CPU.ActiveCfg = Release|Any CPU
		{71EE7740-05B2-4437-B31A-CFF07833C39F}.Release|Any CPU.Build.0 = Release|Any CPU
		{04CA92E9-74B6-476B-8538-CFFAC2C2F3F1}.Debug|Any CPU.ActiveCfg = Debug|Any CPU
		{04CA92E9-74B6-476B-8538-CFFAC2C2F3F1}.Debug|Any CPU.Build.0 = Debug|Any CPU
		{04CA92E9-74B6-476B-8538-CFFAC2C2F3F1}.Release|Any CPU.ActiveCfg = Release|Any CPU
		{04CA92E9-74B6-476B-8538-CFFAC2C2F3F1}.Release|Any CPU.Build.0 = Release|Any CPU
		{3946F057-0D1E-4C2B-9B44-C523A514D9CD}.Debug|Any CPU.ActiveCfg = Debug|Any CPU
		{3946F057-0D1E-4C2B-9B44-C523A514D9CD}.Debug|Any CPU.Build.0 = Debug|Any CPU
		{3946F057-0D1E-4C2B-9B44-C523A514D9CD}.Release|Any CPU.ActiveCfg = Release|Any CPU
		{3946F057-0D1E-4C2B-9B44-C523A514D9CD}.Release|Any CPU.Build.0 = Release|Any CPU
		{1556E0C3-2A22-4DD3-AB86-50B612557453}.Debug|Any CPU.ActiveCfg = Debug|Any CPU
		{1556E0C3-2A22-4DD3-AB86-50B612557453}.Debug|Any CPU.Build.0 = Debug|Any CPU
		{1556E0C3-2A22-4DD3-AB86-50B612557453}.Release|Any CPU.ActiveCfg = Release|Any CPU
		{1556E0C3-2A22-4DD3-AB86-50B612557453}.Release|Any CPU.Build.0 = Release|Any CPU
	EndGlobalSection
	GlobalSection(SolutionProperties) = preSolution
		HideSolutionNode = FALSE
	EndGlobalSection
	GlobalSection(NestedProjects) = preSolution
		{F57047F7-A0C5-4500-A143-F89A5F4DE9CB} = {144B09E9-A34C-4033-AC80-B531B13340C2}
		{8720B7E0-B031-4B81-B40B-DDB9D5740874} = {144B09E9-A34C-4033-AC80-B531B13340C2}
		{6C668D9C-FC05-417B-A3DF-A1036D71CAD9} = {65BDF7EB-40E2-4E60-8279-699EC451996A}
		{00E52094-76FB-4C4B-87B8-6756F9917243} = {143A60C4-2096-4112-AAD2-24E27E852471}
		{6AB9D147-B2C7-4ABB-BE96-121834F36CE5} = {F57047F7-A0C5-4500-A143-F89A5F4DE9CB}
		{BC26F6C6-15E2-4C82-B69C-7A40DE978305} = {65BDF7EB-40E2-4E60-8279-699EC451996A}
		{94883E2A-A3D2-4EA0-846F-4C3418CA3CC8} = {65BDF7EB-40E2-4E60-8279-699EC451996A}
		{B6A0378B-708B-4CEB-837A-9167E9805F18} = {15A56967-E640-4FF3-8528-6F023BA435A7}
		{79989DD7-DA02-4EB0-84BA-4E0EEA84DE10} = {15A56967-E640-4FF3-8528-6F023BA435A7}
		{3535B4B5-32E8-43DF-9C7C-B3E011879C38} = {15A56967-E640-4FF3-8528-6F023BA435A7}
		{71EE7740-05B2-4437-B31A-CFF07833C39F} = {65BDF7EB-40E2-4E60-8279-699EC451996A}
		{04CA92E9-74B6-476B-8538-CFFAC2C2F3F1} = {65BDF7EB-40E2-4E60-8279-699EC451996A}
		{3946F057-0D1E-4C2B-9B44-C523A514D9CD} = {65BDF7EB-40E2-4E60-8279-699EC451996A}
		{1556E0C3-2A22-4DD3-AB86-50B612557453} = {853619BA-CA32-440C-AED6-D0D18D5DA4CF}
	EndGlobalSection
EndGlobal
